schema: '2.0'
stages:
  process:
    cmd: python src/process.py
    deps:
    - path: data/raw_data.txt
      hash: md5
      md5: 1cbc4f2009e4957e3eb413d60820f353
      size: 102
    - path: src/process.py
      hash: md5
      md5: a6aa9153290972decb53e999bbbd4747
      size: 353
    outs:
    - path: data/processed_data.txt
      hash: md5
      md5: e5c5ebc9f431ac6307d4f53569fb51dd
      size: 102
